
Microsoft Visual Studio Solution File, Format Version 12.00
# Visual Studio Version 17
VisualStudioVersion = 17.1.32210.238
MinimumVisualStudioVersion = 10.0.40219.1
Project("{9A19103F-16F7-4668-BE54-9A1E7A4F7556}") = "UASKASIR", "UASKASIR\UASKASIR.csproj", "{C1E90120-680C-433A-9E10-951A570AE007}"
EndProject
Project("{FAE04EC0-301F-11D3-BF4B-00C04F79EFBC}") = "UASKASIRTests", "UASKASIRTests\UASKASIRTests.csproj", "{9CE0FA77-9132-45E1-B00F-C978C08ADB31}"
EndProject
Global
	GlobalSection(SolutionConfigurationPlatforms) = preSolution
		Debug|Any CPU = Debug|Any CPU
		Release|Any CPU = Release|Any CPU
	EndGlobalSection
	GlobalSection(ProjectConfigurationPlatforms) = postSolution
		{C1E90120-680C-433A-9E10-951A570AE007}.Debug|Any CPU.ActiveCfg = Debug|Any CPU
		{C1E90120-680C-433A-9E10-951A570AE007}.Debug|Any CPU.Build.0 = Debug|Any CPU
		{C1E90120-680C-433A-9E10-951A570AE007}.Release|Any CPU.ActiveCfg = Release|Any CPU
		{C1E90120-680C-433A-9E10-951A570AE007}.Release|Any CPU.Build.0 = Release|Any CPU
		{9CE0FA77-9132-45E1-B00F-C978C08ADB31}.Debug|Any CPU.ActiveCfg = Debug|Any CPU
		{9CE0FA77-9132-45E1-B00F-C978C08ADB31}.Debug|Any CPU.Build.0 = Debug|Any CPU
		{9CE0FA77-9132-45E1-B00F-C978C08ADB31}.Release|Any CPU.ActiveCfg = Release|Any CPU
		{9CE0FA77-9132-45E1-B00F-C978C08ADB31}.Release|Any CPU.Build.0 = Release|Any CPU
	EndGlobalSection
	GlobalSection(SolutionProperties) = preSolution
		HideSolutionNode = FALSE
	EndGlobalSection
	GlobalSection(ExtensibilityGlobals) = postSolution
		SolutionGuid = {6FCA40EC-A304-410F-A408-513D11715C8A}
	EndGlobalSection
EndGlobal
